
Microsoft Visual Studio Solution File, Format Version 12.00
# Visual Studio Version 17
VisualStudioVersion = 17.0.31903.59
MinimumVisualStudioVersion = 10.0.40219.1
Project("{2150E333-8FDC-42A3-9474-1A3956D46DE8}") = "src", "src", "{02B704E7-9C9A-49D2-B8B4-25C9D915CCF3}"
EndProject
Project("{FAE04EC0-301F-11D3-BF4B-00C04F79EFBC}") = "AspNetCoreDemo", "src\AspNetCoreDemo\AspNetCoreDemo.csproj", "{B07DB2FB-BBCC-4EA1-A4E7-86FD4C4B4958}"
EndProject
Global
	GlobalSection(SolutionConfigurationPlatforms) = preSolution
		Debug|Any CPU = Debug|Any CPU
		Release|Any CPU = Release|Any CPU
	EndGlobalSection
	GlobalSection(ProjectConfigurationPlatforms) = postSolution
		{B07DB2FB-BBCC-4EA1-A4E7-86FD4C4B4958}.Debug|Any CPU.ActiveCfg = Debug|Any CPU
		{B07DB2FB-BBCC-4EA1-A4E7-86FD4C4B4958}.Debug|Any CPU.Build.0 = Debug|Any CPU
		{B07DB2FB-BBCC-4EA1-A4E7-86FD4C4B4958}.Release|Any CPU.ActiveCfg = Release|Any CPU
		{B07DB2FB-BBCC-4EA1-A4E7-86FD4C4B4958}.Release|Any CPU.Build.0 = Release|Any CPU
	EndGlobalSection
	GlobalSection(SolutionProperties) = preSolution
		HideSolutionNode = FALSE
	EndGlobalSection
	GlobalSection(NestedProjects) = preSolution
		{B07DB2FB-BBCC-4EA1-A4E7-86FD4C4B4958} = {02B704E7-9C9A-49D2-B8B4-25C9D915CCF3}
	EndGlobalSection
EndGlobal
